
Microsoft Visual Studio Solution File, Format Version 12.00
# Visual Studio Version 16
VisualStudioVersion = 16.0.31424.327
MinimumVisualStudioVersion = 10.0.40219.1
Project("{9A19103F-16F7-4668-BE54-9A1E7A4F7556}") = "UnblockMe", "UnblockMe\UnblockMe.csproj", "{E1EAA01F-0FAD-4BBF-AA72-1DEEB65A5B15}"
EndProject
Global
	GlobalSection(SolutionConfigurationPlatforms) = preSolution
		Debug|Any CPU = Debug|Any CPU
		Release|Any CPU = Release|Any CPU
	EndGlobalSection
	GlobalSection(ProjectConfigurationPlatforms) = postSolution
		{E1EAA01F-0FAD-4BBF-AA72-1DEEB65A5B15}.Debug|Any CPU.ActiveCfg = Debug|Any CPU
		{E1EAA01F-0FAD-4BBF-AA72-1DEEB65A5B15}.Debug|Any CPU.Build.0 = Debug|Any CPU
		{E1EAA01F-0FAD-4BBF-AA72-1DEEB65A5B15}.Release|Any CPU.ActiveCfg = Release|Any CPU
		{E1EAA01F-0FAD-4BBF-AA72-1DEEB65A5B15}.Release|Any CPU.Build.0 = Release|Any CPU
	EndGlobalSection
	GlobalSection(SolutionProperties) = preSolution
		HideSolutionNode = FALSE
	EndGlobalSection
	GlobalSection(ExtensibilityGlobals) = postSolution
		SolutionGuid = {D0566934-213B-4144-8BD6-FD2AB24815F7}
	EndGlobalSection
EndGlobal
